Microsoft Visual Studio Solution File, Format Version 11.00
# Visual Studio 2008

Project("{A4FA36EA-C8AB-BDF4-DCB8-CA1741F12CC3}") = "PIAB-Unity-master", "Assembly-CSharp.csproj", "{56653720-96F2-2CB5-6B1D-259620926154}"
EndProject
Project("{A4FA36EA-C8AB-BDF4-DCB8-CA1741F12CC3}") = "PIAB-Unity-master", "Assembly-CSharp-Editor.csproj", "{563A435D-6B06-9839-4AB6-B5C4D4019ECA}"
EndProject
Global
	GlobalSection(SolutionConfigurationPlatforms) = preSolution
		Debug|Any CPU = Debug|Any CPU
		Release|Any CPU = Release|Any CPU
	EndGlobalSection
	GlobalSection(ProjectConfigurationPlatforms) = postSolution
		{56653720-96F2-2CB5-6B1D-259620926154}.Debug|Any CPU.ActiveCfg = Debug|Any CPU
		{56653720-96F2-2CB5-6B1D-259620926154}.Debug|Any CPU.Build.0 = Debug|Any CPU
		{56653720-96F2-2CB5-6B1D-259620926154}.Release|Any CPU.ActiveCfg = Release|Any CPU
		{56653720-96F2-2CB5-6B1D-259620926154}.Release|Any CPU.Build.0 = Release|Any CPU
		{563A435D-6B06-9839-4AB6-B5C4D4019ECA}.Debug|Any CPU.ActiveCfg = Debug|Any CPU
		{563A435D-6B06-9839-4AB6-B5C4D4019ECA}.Debug|Any CPU.Build.0 = Debug|Any CPU
		{563A435D-6B06-9839-4AB6-B5C4D4019ECA}.Release|Any CPU.ActiveCfg = Release|Any CPU
		{563A435D-6B06-9839-4AB6-B5C4D4019ECA}.Release|Any CPU.Build.0 = Release|Any CPU
	EndGlobalSection
	GlobalSection(SolutionProperties) = preSolution
		HideSolutionNode = FALSE
	EndGlobalSection
																																																																																																		GlobalSection(MonoDevelopProperties) = preSolution
		StartupItem = Assembly-CSharp.csproj
		Policies = $0
		$0.TextStylePolicy = $1
		$1.inheritsSet = null
		$1.scope = text/x-csharp
		$0.CSharpFormattingPolicy = $2
		$2.inheritsSet = Mono
		$2.inheritsScope = text/x-csharp
		$2.scope = text/x-csharp
		$0.TextStylePolicy = $3
		$3.FileWidth = 120
		$3.TabWidth = 4
		$3.IndentWidth = 4
		$3.EolMarker = Unix
		$3.inheritsSet = Mono
		$3.inheritsScope = text/plain
		$3.scope = text/plain
	EndGlobalSection
EndGlobal
